
Microsoft Visual Studio Solution File, Format Version 12.00
# Visual Studio Version 16
VisualStudioVersion = 16.0.30523.141
MinimumVisualStudioVersion = 10.0.40219.1
Project("{FAE04EC0-301F-11D3-BF4B-00C04F79EFBC}") = "Inheritance", "Inheritance.csproj", "{20106037-8C4D-4C60-803D-80C98ADF7391}"
EndProject
Global
	GlobalSection(SolutionConfigurationPlatforms) = preSolution
		Debug|Any CPU = Debug|Any CPU
		Release|Any CPU = Release|Any CPU
	EndGlobalSection
	GlobalSection(ProjectConfigurationPlatforms) = postSolution
		{20106037-8C4D-4C60-803D-80C98ADF7391}.Debug|Any CPU.ActiveCfg = Debug|Any CPU
		{20106037-8C4D-4C60-803D-80C98ADF7391}.Debug|Any CPU.Build.0 = Debug|Any CPU
		{20106037-8C4D-4C60-803D-80C98ADF7391}.Release|Any CPU.ActiveCfg = Release|Any CPU
		{20106037-8C4D-4C60-803D-80C98ADF7391}.Release|Any CPU.Build.0 = Release|Any CPU
	EndGlobalSection
	GlobalSection(SolutionProperties) = preSolution
		HideSolutionNode = FALSE
	EndGlobalSection
	GlobalSection(ExtensibilityGlobals) = postSolution
		SolutionGuid = {42CA4E8C-A8E7-46A1-823B-F3A40D0844F9}
	EndGlobalSection
EndGlobal
