
Microsoft Visual Studio Solution File, Format Version 12.00
# Visual Studio Version 16
VisualStudioVersion = 16.0.30523.141
MinimumVisualStudioVersion = 10.0.40219.1
Project("{FAE04EC0-301F-11D3-BF4B-00C04F79EFBC}") = "ExceptionHandlingSpecificErrors", "ExceptionHandlingSpecificErrors.csproj", "{38989091-3ED7-484F-8627-FC221F26D2AC}"
EndProject
Global
	GlobalSection(SolutionConfigurationPlatforms) = preSolution
		Debug|Any CPU = Debug|Any CPU
		Release|Any CPU = Release|Any CPU
	EndGlobalSection
	GlobalSection(ProjectConfigurationPlatforms) = postSolution
		{38989091-3ED7-484F-8627-FC221F26D2AC}.Debug|Any CPU.ActiveCfg = Debug|Any CPU
		{38989091-3ED7-484F-8627-FC221F26D2AC}.Debug|Any CPU.Build.0 = Debug|Any CPU
		{38989091-3ED7-484F-8627-FC221F26D2AC}.Release|Any CPU.ActiveCfg = Release|Any CPU
		{38989091-3ED7-484F-8627-FC221F26D2AC}.Release|Any CPU.Build.0 = Release|Any CPU
	EndGlobalSection
	GlobalSection(SolutionProperties) = preSolution
		HideSolutionNode = FALSE
	EndGlobalSection
	GlobalSection(ExtensibilityGlobals) = postSolution
		SolutionGuid = {FADD55D8-FD29-4229-8839-570EC113573F}
	EndGlobalSection
EndGlobal
