
Microsoft Visual Studio Solution File, Format Version 12.00
# Visual Studio Version 16
VisualStudioVersion = 16.0.30523.141
MinimumVisualStudioVersion = 10.0.40219.1
Project("{FAE04EC0-301F-11D3-BF4B-00C04F79EFBC}") = "JumpStatements", "JumpStatements.csproj", "{7DA76BB0-3EBE-4599-B561-92B178FC99EB}"
EndProject
Global
	GlobalSection(SolutionConfigurationPlatforms) = preSolution
		Debug|Any CPU = Debug|Any CPU
		Release|Any CPU = Release|Any CPU
	EndGlobalSection
	GlobalSection(ProjectConfigurationPlatforms) = postSolution
		{7DA76BB0-3EBE-4599-B561-92B178FC99EB}.Debug|Any CPU.ActiveCfg = Debug|Any CPU
		{7DA76BB0-3EBE-4599-B561-92B178FC99EB}.Debug|Any CPU.Build.0 = Debug|Any CPU
		{7DA76BB0-3EBE-4599-B561-92B178FC99EB}.Release|Any CPU.ActiveCfg = Release|Any CPU
		{7DA76BB0-3EBE-4599-B561-92B178FC99EB}.Release|Any CPU.Build.0 = Release|Any CPU
	EndGlobalSection
	GlobalSection(SolutionProperties) = preSolution
		HideSolutionNode = FALSE
	EndGlobalSection
	GlobalSection(ExtensibilityGlobals) = postSolution
		SolutionGuid = {762F6BAA-14B8-4375-9A83-12EDDBA9AF28}
	EndGlobalSection
EndGlobal
